
Microsoft Visual Studio Solution File, Format Version 12.00
# Visual Studio Version 16
VisualStudioVersion = 16.0.31410.357
MinimumVisualStudioVersion = 10.0.40219.1
Project("{FAE04EC0-301F-11D3-BF4B-00C04F79EFBC}") = "Pet Simulator X", "Pet Simulator X\Pet Simulator X.csproj", "{1B17ACA1-803C-4AA9-B280-8A28CABF609B}"
EndProject
Global
	GlobalSection(SolutionConfigurationPlatforms) = preSolution
		Debug|Any CPU = Debug|Any CPU
		Debug|x64 = Debug|x64
		Release|Any CPU = Release|Any CPU
		Release|x64 = Release|x64
	EndGlobalSection
	GlobalSection(ProjectConfigurationPlatforms) = postSolution
		{1B17ACA1-803C-4AA9-B280-8A28CABF609B}.Debug|Any CPU.ActiveCfg = Debug|Any CPU
		{1B17ACA1-803C-4AA9-B280-8A28CABF609B}.Debug|Any CPU.Build.0 = Debug|Any CPU
		{1B17ACA1-803C-4AA9-B280-8A28CABF609B}.Debug|x64.ActiveCfg = Debug|x64
		{1B17ACA1-803C-4AA9-B280-8A28CABF609B}.Debug|x64.Build.0 = Debug|x64
		{1B17ACA1-803C-4AA9-B280-8A28CABF609B}.Release|Any CPU.ActiveCfg = Release|Any CPU
		{1B17ACA1-803C-4AA9-B280-8A28CABF609B}.Release|Any CPU.Build.0 = Release|Any CPU
		{1B17ACA1-803C-4AA9-B280-8A28CABF609B}.Release|x64.ActiveCfg = Release|x64
		{1B17ACA1-803C-4AA9-B280-8A28CABF609B}.Release|x64.Build.0 = Release|x64
	EndGlobalSection
	GlobalSection(SolutionProperties) = preSolution
		HideSolutionNode = FALSE
	EndGlobalSection
	GlobalSection(ExtensibilityGlobals) = postSolution
		SolutionGuid = {E3B59E9E-75A3-4F1C-9318-00EC10DEB280}
	EndGlobalSection
EndGlobal
